hash: 887725f0a83a6df55a0df9c9419093855a3e20a9f067cb30df75152d8bd1b5c5
updated: 2018-01-06T15:42:23.112977214+08:00
imports:
- name: github.com/astaxie/beego
  version: bf5c5626ab429e66d88602e1ab1ab5fbf4629a01
  subpackages:
  - logs
- name: github.com/cnlisea/automation
  version: 600ba698ddb20f724fad8d83783aaadc6707a3f5
  subpackages:
  - config
  - constant
  - core
  - generate
  - http
  - utils
testImports: []
